// !$*UTF8*$!
{
	archiveVersion = 1;
	classes = {
	};
	objectVersion = 56;
	objects = {

/* Begin PBXBuildFile section */
		440522962E5C803200305437 /* ScoringDisplay.swift in Sources */ = {isa = PBXBuildFile; fileRef = 440522952E5C803200305437 /* ScoringDisplay.swift */; };
		441D8EC02AAB728E00F5FE53 /* Mahjong_ScoreboardApp.swift in Sources */ = {isa = PBXBuildFile; fileRef = 441D8EBF2AAB728E00F5FE53 /* Mahjong_ScoreboardApp.swift */; };
		441D8EC22AAB728E00F5FE53 /* ContentView.swift in Sources */ = {isa = PBXBuildFile; fileRef = 441D8EC12AAB728E00F5FE53 /* ContentView.swift */; };
		441D8EC42AAB728E00F5FE53 /* Assets.xcassets in Resources */ = {isa = PBXBuildFile; fileRef = 441D8EC32AAB728E00F5FE53 /* Assets.xcassets */; };
		441D8ED22AAC8DFF00F5FE53 /* Player.swift in Sources */ = {isa = PBXBuildFile; fileRef = 441D8ED12AAC8DFF00F5FE53 /* Player.swift */; };
		441D8ED42AACD0CC00F5FE53 /* TenpaiButton.swift in Sources */ = {isa = PBXBuildFile; fileRef = 441D8ED32AACD0CC00F5FE53 /* TenpaiButton.swift */; };
		441D8ED62AACE06500F5FE53 /* RiichiButton.swift in Sources */ = {isa = PBXBuildFile; fileRef = 441D8ED52AACE06500F5FE53 /* RiichiButton.swift */; };
		44218EC52F889E0600101C9F /* PlayerView.swift in Sources */ = {isa = PBXBuildFile; fileRef = 44218EC42F889E0600101C9F /* PlayerView.swift */; };
		446029A82F8A0EF5009336C8 /* HandScoring.swift in Sources */ = {isa = PBXBuildFile; fileRef = 446029A72F8A0EF5009336C8 /* HandScoring.swift */; };
		446029AA2F8A0F13009336C8 /* MultipleRonScoring.swift in Sources */ = {isa = PBXBuildFile; fileRef = 446029A92F8A0F13009336C8 /* MultipleRonScoring.swift */; };
		446029AC2F8A118A009336C8 /* ScoreApplication.swift in Sources */ = {isa = PBXBuildFile; fileRef = 446029AB2F8A118A009336C8 /* ScoreApplication.swift */; };
		446029AE2F8A1BAF009336C8 /* RonOverlay.swift in Sources */ = {isa = PBXBuildFile; fileRef = 446029AD2F8A1BAF009336C8 /* RonOverlay.swift */; };
		446029B02F8A1BB9009336C8 /* TsumoOverlay.swift in Sources */ = {isa = PBXBuildFile; fileRef = 446029AF2F8A1BB9009336C8 /* TsumoOverlay.swift */; };
		446029B22F8A1BC6009336C8 /* MultipleRonOverlay.swift in Sources */ = {isa = PBXBuildFile; fileRef = 446029B12F8A1BC6009336C8 /* MultipleRonOverlay.swift */; };
		446029B42F8A1DB1009336C8 /* ShowFuOverlay.swift in Sources */ = {isa = PBXBuildFile; fileRef = 446029B32F8A1DB1009336C8 /* ShowFuOverlay.swift */; };
		446029B62F8A1E7B009336C8 /* ShowNamesOverlay.swift in Sources */ = {isa = PBXBuildFile; fileRef = 446029B52F8A1E7B009336C8 /* ShowNamesOverlay.swift */; };
		446029B82F8A1FFE009336C8 /* ExhaustOverlay.swift in Sources */ = {isa = PBXBuildFile; fileRef = 446029B72F8A1FFE009336C8 /* ExhaustOverlay.swift */; };
		446029BA2F8A20A0009336C8 /* EnterNamesOverlay.swift in Sources */ = {isa = PBXBuildFile; fileRef = 446029B92F8A20A0009336C8 /* EnterNamesOverlay.swift */; };
		446029BC2F8A24B7009336C8 /* TimerOverlay.swift in Sources */ = {isa = PBXBuildFile; fileRef = 446029BB2F8A24B7009336C8 /* TimerOverlay.swift */; };
		446029BE2F8A2531009336C8 /* RiichiHonbaIndicatorView.swift in Sources */ = {isa = PBXBuildFile; fileRef = 446029BD2F8A2531009336C8 /* RiichiHonbaIndicatorView.swift */; };
		446029C02F8A5426009336C8 /* riichi1.m4a in Resources */ = {isa = PBXBuildFile; fileRef = 446029BF2F8A5426009336C8 /* riichi1.m4a */; };
		446029C22F8A558B009336C8 /* riichi2.m4a in Resources */ = {isa = PBXBuildFile; fileRef = 446029C12F8A558B009336C8 /* riichi2.m4a */; };
		446029C52F8A6F29009336C8 /* riichi4Patrick.m4a in Resources */ = {isa = PBXBuildFile; fileRef = 446029C42F8A6F29009336C8 /* riichi4Patrick.m4a */; };
		446029C62F8A6F29009336C8 /* riichi3Patrick.m4a in Resources */ = {isa = PBXBuildFile; fileRef = 446029C32F8A6F29009336C8 /* riichi3Patrick.m4a */; };
		44A288472E6FB54A008C2AFA /* Yaku.swift in Sources */ = {isa = PBXBuildFile; fileRef = 44A288462E6FB54A008C2AFA /* Yaku.swift */; };
		44A288492E6FB5AF008C2AFA /* ShowFuButton.swift in Sources */ = {isa = PBXBuildFile; fileRef = 44A288482E6FB5AF008C2AFA /* ShowFuButton.swift */; };
		44A2884B2E6FB673008C2AFA /* AudioManager.swift in Sources */ = {isa = PBXBuildFile; fileRef = 44A2884A2E6FB673008C2AFA /* AudioManager.swift */; };
		44A2884D2E6FBC4E008C2AFA /* ScoreChangeView.swift in Sources */ = {isa = PBXBuildFile; fileRef = 44A2884C2E6FBC4E008C2AFA /* ScoreChangeView.swift */; };
/* End PBXBuildFile section */

/* Begin PBXFileReference section */
		440522952E5C803200305437 /* ScoringDisplay.swift */ = {isa = PBXFileReference; lastKnownFileType = sourcecode.swift; path = ScoringDisplay.swift; sourceTree = "<group>"; };
		441D8EBC2AAB728E00F5FE53 /* Mahjong Scoreboard.app */ = {isa = PBXFileReference; explicitFileType = wrapper.application; includeInIndex = 0; path = "Mahjong Scoreboard.app"; sourceTree = BUILT_PRODUCTS_DIR; };
		441D8EBF2AAB728E00F5FE53 /* Mahjong_ScoreboardApp.swift */ = {isa = PBXFileReference; lastKnownFileType = sourcecode.swift; path = Mahjong_ScoreboardApp.swift; sourceTree = "<group>"; };
		441D8EC12AAB728E00F5FE53 /* ContentView.swift */ = {isa = PBXFileReference; lastKnownFileType = sourcecode.swift; path = ContentView.swift; sourceTree = "<group>"; };
		441D8EC32AAB728E00F5FE53 /* Assets.xcassets */ = {isa = PBXFileReference; lastKnownFileType = folder.assetcatalog; path = Assets.xcassets; sourceTree = "<group>"; };
		441D8EC62AAB728E00F5FE53 /* Preview Assets.xcassets */ = {isa = PBXFileReference; lastKnownFileType = folder.assetcatalog; path = "Preview Assets.xcassets"; sourceTree = "<group>"; };
		441D8ED12AAC8DFF00F5FE53 /* Player.swift */ = {isa = PBXFileReference; lastKnownFileType = sourcecode.swift; path = Player.swift; sourceTree = "<group>"; };
		441D8ED32AACD0CC00F5FE53 /* TenpaiButton.swift */ = {isa = PBXFileReference; lastKnownFileType = sourcecode.swift; path = TenpaiButton.swift; sourceTree = "<group>"; };
		441D8ED52AACE06500F5FE53 /* RiichiButton.swift */ = {isa = PBXFileReference; lastKnownFileType = sourcecode.swift; path = RiichiButton.swift; sourceTree = "<group>"; };
		44218EC42F889E0600101C9F /* PlayerView.swift */ = {isa = PBXFileReference; lastKnownFileType = sourcecode.swift; path = PlayerView.swift; sourceTree = "<group>"; };
		446029A72F8A0EF5009336C8 /* HandScoring.swift */ = {isa = PBXFileReference; lastKnownFileType = sourcecode.swift; path = HandScoring.swift; sourceTree = "<group>"; };
		446029A92F8A0F13009336C8 /* MultipleRonScoring.swift */ = {isa = PBXFileReference; lastKnownFileType = sourcecode.swift; path = MultipleRonScoring.swift; sourceTree = "<group>"; };
		446029AB2F8A118A009336C8 /* ScoreApplication.swift */ = {isa = PBXFileReference; lastKnownFileType = sourcecode.swift; path = ScoreApplication.swift; sourceTree = "<group>"; };
		446029AD2F8A1BAF009336C8 /* RonOverlay.swift */ = {isa = PBXFileReference; lastKnownFileType = sourcecode.swift; path = RonOverlay.swift; sourceTree = "<group>"; };
		446029AF2F8A1BB9009336C8 /* TsumoOverlay.swift */ = {isa = PBXFileReference; lastKnownFileType = sourcecode.swift; path = TsumoOverlay.swift; sourceTree = "<group>"; };
		446029B12F8A1BC6009336C8 /* MultipleRonOverlay.swift */ = {isa = PBXFileReference; lastKnownFileType = sourcecode.swift; path = MultipleRonOverlay.swift; sourceTree = "<group>"; };
		446029B32F8A1DB1009336C8 /* ShowFuOverlay.swift */ = {isa = PBXFileReference; lastKnownFileType = sourcecode.swift; path = ShowFuOverlay.swift; sourceTree = "<group>"; };
		446029B52F8A1E7B009336C8 /* ShowNamesOverlay.swift */ = {isa = PBXFileReference; lastKnownFileType = sourcecode.swift; path = ShowNamesOverlay.swift; sourceTree = "<group>"; };
		446029B72F8A1FFE009336C8 /* ExhaustOverlay.swift */ = {isa = PBXFileReference; lastKnownFileType = sourcecode.swift; path = ExhaustOverlay.swift; sourceTree = "<group>"; };
		446029B92F8A20A0009336C8 /* EnterNamesOverlay.swift */ = {isa = PBXFileReference; lastKnownFileType = sourcecode.swift; path = EnterNamesOverlay.swift; sourceTree = "<group>"; };
		446029BB2F8A24B7009336C8 /* TimerOverlay.swift */ = {isa = PBXFileReference; lastKnownFileType = sourcecode.swift; path = TimerOverlay.swift; sourceTree = "<group>"; };
		446029BD2F8A2531009336C8 /* RiichiHonbaIndicatorView.swift */ = {isa = PBXFileReference; lastKnownFileType = sourcecode.swift; path = RiichiHonbaIndicatorView.swift; sourceTree = "<group>"; };
		446029BF2F8A5426009336C8 /* riichi1.m4a */ = {isa = PBXFileReference; lastKnownFileType = file; path = riichi1.m4a; sourceTree = "<group>"; };
		446029C12F8A558B009336C8 /* riichi2.m4a */ = {isa = PBXFileReference; lastKnownFileType = file; path = riichi2.m4a; sourceTree = "<group>"; };
		446029C32F8A6F29009336C8 /* riichi3Patrick.m4a */ = {isa = PBXFileReference; lastKnownFileType = file; path = riichi3Patrick.m4a; sourceTree = "<group>"; };
		446029C42F8A6F29009336C8 /* riichi4Patrick.m4a */ = {isa = PBXFileReference; lastKnownFileType = file; path = riichi4Patrick.m4a; sourceTree = "<group>"; };
		44A288462E6FB54A008C2AFA /* Yaku.swift */ = {isa = PBXFileReference; lastKnownFileType = sourcecode.swift; path = Yaku.swift; sourceTree = "<group>"; };
		44A288482E6FB5AF008C2AFA /* ShowFuButton.swift */ = {isa = PBXFileReference; lastKnownFileType = sourcecode.swift; path = ShowFuButton.swift; sourceTree = "<group>"; };
		44A2884A2E6FB673008C2AFA /* AudioManager.swift */ = {isa = PBXFileReference; lastKnownFileType = sourcecode.swift; path = AudioManager.swift; sourceTree = "<group>"; };
		44A2884C2E6FBC4E008C2AFA /* ScoreChangeView.swift */ = {isa = PBXFileReference; lastKnownFileType = sourcecode.swift; path = ScoreChangeView.swift; sourceTree = "<group>"; };
/* End PBXFileReference section */

/* Begin PBXFrameworksBuildPhase section */
		441D8EB92AAB728E00F5FE53 /* Frameworks */ = {
			isa = PBXFrameworksBuildPhase;
			buildActionMask = 2147483647;
			files = (
			);
			runOnlyForDeploymentPostprocessing = 0;
		};
/* End PBXFrameworksBuildPhase section */

/* Begin PBXGroup section */
		441D8EB32AAB728E00F5FE53 = {
			isa = PBXGroup;
			children = (
				441D8EBE2AAB728E00F5FE53 /* Mahjong Scoreboard */,
				441D8EBD2AAB728E00F5FE53 /* Products */,
			);
			sourceTree = "<group>";
		};
		441D8EBD2AAB728E00F5FE53 /* Products */ = {
			isa = PBXGroup;
			children = (
				441D8EBC2AAB728E00F5FE53 /* Mahjong Scoreboard.app */,
			);
			name = Products;
			sourceTree = "<group>";
		};
		441D8EBE2AAB728E00F5FE53 /* Mahjong Scoreboard */ = {
			isa = PBXGroup;
			children = (
				441D8EC32AAB728E00F5FE53 /* Assets.xcassets */,
				44A2884A2E6FB673008C2AFA /* AudioManager.swift */,
				441D8EC12AAB728E00F5FE53 /* ContentView.swift */,
				446029B92F8A20A0009336C8 /* EnterNamesOverlay.swift */,
				446029B72F8A1FFE009336C8 /* ExhaustOverlay.swift */,
				446029A72F8A0EF5009336C8 /* HandScoring.swift */,
				441D8EBF2AAB728E00F5FE53 /* Mahjong_ScoreboardApp.swift */,
				446029B12F8A1BC6009336C8 /* MultipleRonOverlay.swift */,
				446029A92F8A0F13009336C8 /* MultipleRonScoring.swift */,
				441D8ED12AAC8DFF00F5FE53 /* Player.swift */,
				44218EC42F889E0600101C9F /* PlayerView.swift */,
				441D8EC52AAB728E00F5FE53 /* Riichi Sounds */,
				441D8ED52AACE06500F5FE53 /* RiichiButton.swift */,
				446029BD2F8A2531009336C8 /* RiichiHonbaIndicatorView.swift */,
				446029AD2F8A1BAF009336C8 /* RonOverlay.swift */,
				446029AB2F8A118A009336C8 /* ScoreApplication.swift */,
				44A2884C2E6FBC4E008C2AFA /* ScoreChangeView.swift */,
				440522952E5C803200305437 /* ScoringDisplay.swift */,
				44A288482E6FB5AF008C2AFA /* ShowFuButton.swift */,
				446029B32F8A1DB1009336C8 /* ShowFuOverlay.swift */,
				446029B52F8A1E7B009336C8 /* ShowNamesOverlay.swift */,
				441D8ED32AACD0CC00F5FE53 /* TenpaiButton.swift */,
				446029BB2F8A24B7009336C8 /* TimerOverlay.swift */,
				446029AF2F8A1BB9009336C8 /* TsumoOverlay.swift */,
				44A288462E6FB54A008C2AFA /* Yaku.swift */,
			);
			path = "Mahjong Scoreboard";
			sourceTree = "<group>";
		};
		441D8EC52AAB728E00F5FE53 /* Riichi Sounds */ = {
			isa = PBXGroup;
			children = (
				446029C32F8A6F29009336C8 /* riichi3Patrick.m4a */,
				446029C42F8A6F29009336C8 /* riichi4Patrick.m4a */,
				446029C12F8A558B009336C8 /* riichi2.m4a */,
				446029BF2F8A5426009336C8 /* riichi1.m4a */,
				441D8EC62AAB728E00F5FE53 /* Preview Assets.xcassets */,
			);
			path = "Riichi Sounds";
			sourceTree = "<group>";
		};
/* End PBXGroup section */

/* Begin PBXNativeTarget section */
		441D8EBB2AAB728E00F5FE53 /* Mahjong Scoreboard */ = {
			isa = PBXNativeTarget;
			buildConfigurationList = 441D8ECA2AAB728F00F5FE53 /* Build configuration list for PBXNativeTarget "Mahjong Scoreboard" */;
			buildPhases = (
				441D8EB82AAB728E00F5FE53 /* Sources */,
				441D8EB92AAB728E00F5FE53 /* Frameworks */,
				441D8EBA2AAB728E00F5FE53 /* Resources */,
			);
			buildRules = (
			);
			dependencies = (
			);
			name = "Mahjong Scoreboard";
			productName = "Mahjong Scoreboard";
			productReference = 441D8EBC2AAB728E00F5FE53 /* Mahjong Scoreboard.app */;
			productType = "com.apple.product-type.application";
		};
/* End PBXNativeTarget section */

/* Begin PBXProject section */
		441D8EB42AAB728E00F5FE53 /* Project object */ = {
			isa = PBXProject;
			attributes = {
				BuildIndependentTargetsInParallel = 1;
				LastSwiftUpdateCheck = 1430;
				LastUpgradeCheck = 2630;
				TargetAttributes = {
					441D8EBB2AAB728E00F5FE53 = {
						CreatedOnToolsVersion = 14.3.1;
					};
				};
			};
			buildConfigurationList = 441D8EB72AAB728E00F5FE53 /* Build configuration list for PBXProject "Mahjong Scoreboard" */;
			compatibilityVersion = "Xcode 14.0";
			developmentRegion = en;
			hasScannedForEncodings = 0;
			knownRegions = (
				en,
				Base,
			);
			mainGroup = 441D8EB32AAB728E00F5FE53;
			productRefGroup = 441D8EBD2AAB728E00F5FE53 /* Products */;
			projectDirPath = "";
			projectRoot = "";
			targets = (
				441D8EBB2AAB728E00F5FE53 /* Mahjong Scoreboard */,
			);
		};
/* End PBXProject section */

/* Begin PBXResourcesBuildPhase section */
		441D8EBA2AAB728E00F5FE53 /* Resources */ = {
			isa = PBXResourcesBuildPhase;
			buildActionMask = 2147483647;
			files = (
				446029C02F8A5426009336C8 /* riichi1.m4a in Resources */,
				446029C22F8A558B009336C8 /* riichi2.m4a in Resources */,
				441D8EC42AAB728E00F5FE53 /* Assets.xcassets in Resources */,
				446029C52F8A6F29009336C8 /* riichi4Patrick.m4a in Resources */,
				446029C62F8A6F29009336C8 /* riichi3Patrick.m4a in Resources */,
			);
			runOnlyForDeploymentPostprocessing = 0;
		};
/* End PBXResourcesBuildPhase section */

/* Begin PBXSourcesBuildPhase section */
		441D8EB82AAB728E00F5FE53 /* Sources */ = {
			isa = PBXSourcesBuildPhase;
			buildActionMask = 2147483647;
			files = (
				446029A82F8A0EF5009336C8 /* HandScoring.swift in Sources */,
				446029AC2F8A118A009336C8 /* ScoreApplication.swift in Sources */,
				441D8ED22AAC8DFF00F5FE53 /* Player.swift in Sources */,
				44A2884D2E6FBC4E008C2AFA /* ScoreChangeView.swift in Sources */,
				441D8ED62AACE06500F5FE53 /* RiichiButton.swift in Sources */,
				446029B62F8A1E7B009336C8 /* ShowNamesOverlay.swift in Sources */,
				446029B22F8A1BC6009336C8 /* MultipleRonOverlay.swift in Sources */,
				44218EC52F889E0600101C9F /* PlayerView.swift in Sources */,
				44A288472E6FB54A008C2AFA /* Yaku.swift in Sources */,
				446029B42F8A1DB1009336C8 /* ShowFuOverlay.swift in Sources */,
				446029BE2F8A2531009336C8 /* RiichiHonbaIndicatorView.swift in Sources */,
				446029B02F8A1BB9009336C8 /* TsumoOverlay.swift in Sources */,
				446029B82F8A1FFE009336C8 /* ExhaustOverlay.swift in Sources */,
				441D8EC22AAB728E00F5FE53 /* ContentView.swift in Sources */,
				441D8ED42AACD0CC00F5FE53 /* TenpaiButton.swift in Sources */,
				446029BA2F8A20A0009336C8 /* EnterNamesOverlay.swift in Sources */,
				44A288492E6FB5AF008C2AFA /* ShowFuButton.swift in Sources */,
				44A2884B2E6FB673008C2AFA /* AudioManager.swift in Sources */,
				440522962E5C803200305437 /* ScoringDisplay.swift in Sources */,
				446029AA2F8A0F13009336C8 /* MultipleRonScoring.swift in Sources */,
				446029AE2F8A1BAF009336C8 /* RonOverlay.swift in Sources */,
				446029BC2F8A24B7009336C8 /* TimerOverlay.swift in Sources */,
				441D8EC02AAB728E00F5FE53 /* Mahjong_ScoreboardApp.swift in Sources */,
			);
			runOnlyForDeploymentPostprocessing = 0;
		};
/* End PBXSourcesBuildPhase section */

/* Begin XCBuildConfiguration section */
		441D8EC82AAB728F00F5FE53 /* Debug */ = {
			isa = XCBuildConfiguration;
			buildSettings = {
				ALWAYS_SEARCH_USER_PATHS = NO;
				CLANG_ANALYZER_NONNULL = YES;
				CLANG_ANALYZER_NUMBER_OBJECT_CONVERSION = YES_AGGRESSIVE;
				CLANG_CXX_LANGUAGE_STANDARD = "gnu++20";
				CLANG_ENABLE_MODULES = YES;
				CLANG_ENABLE_OBJC_ARC = YES;
				CLANG_ENABLE_OBJC_WEAK = YES;
				CLANG_WARN_BLOCK_CAPTURE_AUTORELEASING = YES;
				CLANG_WARN_BOOL_CONVERSION = YES;
				CLANG_WARN_COMMA = YES;
				CLANG_WARN_CONSTANT_CONVERSION = YES;
				CLANG_WARN_DEPRECATED_OBJC_IMPLEMENTATIONS = YES;
				CLANG_WARN_DIRECT_OBJC_ISA_USAGE = YES_ERROR;
				CLANG_WARN_DOCUMENTATION_COMMENTS = YES;
				CLANG_WARN_EMPTY_BODY = YES;
				CLANG_WARN_ENUM_CONVERSION = YES;
				CLANG_WARN_INFINITE_RECURSION = YES;
				CLANG_WARN_INT_CONVERSION = YES;
				CLANG_WARN_NON_LITERAL_NULL_CONVERSION = YES;
				CLANG_WARN_OBJC_IMPLICIT_RETAIN_SELF = YES;
				CLANG_WARN_OBJC_LITERAL_CONVERSION = YES;
				CLANG_WARN_OBJC_ROOT_CLASS = YES_ERROR;
				CLANG_WARN_QUOTED_INCLUDE_IN_FRAMEWORK_HEADER = YES;
				CLANG_WARN_RANGE_LOOP_ANALYSIS = YES;
				CLANG_WARN_STRICT_PROTOTYPES = YES;
				CLANG_WARN_SUSPICIOUS_MOVE = YES;
				CLANG_WARN_UNGUARDED_AVAILABILITY = YES_AGGRESSIVE;
				CLANG_WARN_UNREACHABLE_CODE = YES;
				CLANG_WARN__DUPLICATE_METHOD_MATCH = YES;
				COPY_PHASE_STRIP = NO;
				DEBUG_INFORMATION_FORMAT = dwarf;
				DEVELOPMENT_TEAM = JAA69CCMYZ;
				ENABLE_STRICT_OBJC_MSGSEND = YES;
				ENABLE_TESTABILITY = YES;
				ENABLE_USER_SCRIPT_SANDBOXING = YES;
				GCC_C_LANGUAGE_STANDARD = gnu11;
				GCC_DYNAMIC_NO_PIC = NO;
				GCC_NO_COMMON_BLOCKS = YES;
				GCC_OPTIMIZATION_LEVEL = 0;
				GCC_PREPROCESSOR_DEFINITIONS = (
					"DEBUG=1",
					"$(inherited)",
				);
				GCC_WARN_64_TO_32_BIT_CONVERSION = YES;
				GCC_WARN_ABOUT_RETURN_TYPE = YES_ERROR;
				GCC_WARN_UNDECLARED_SELECTOR = YES;
				GCC_WARN_UNINITIALIZED_AUTOS = YES_AGGRESSIVE;
				GCC_WARN_UNUSED_FUNCTION = YES;
				GCC_WARN_UNUSED_VARIABLE = YES;
				IPHONEOS_DEPLOYMENT_TARGET = 16.4;
				MTL_ENABLE_DEBUG_INFO = INCLUDE_SOURCE;
				MTL_FAST_MATH = YES;
				ONLY_ACTIVE_ARCH = YES;
				SDKROOT = iphoneos;
				STRING_CATALOG_GENERATE_SYMBOLS = YES;
				SWIFT_ACTIVE_COMPILATION_CONDITIONS = DEBUG;
				SWIFT_OPTIMIZATION_LEVEL = "-Onone";
			};
			name = Debug;
		};
		441D8EC92AAB728F00F5FE53 /* Release */ = {
			isa = XCBuildConfiguration;
			buildSettings = {
				ALWAYS_SEARCH_USER_PATHS = NO;
				CLANG_ANALYZER_NONNULL = YES;
				CLANG_ANALYZER_NUMBER_OBJECT_CONVERSION = YES_AGGRESSIVE;
				CLANG_CXX_LANGUAGE_STANDARD = "gnu++20";
				CLANG_ENABLE_MODULES = YES;
				CLANG_ENABLE_OBJC_ARC = YES;
				CLANG_ENABLE_OBJC_WEAK = YES;
				CLANG_WARN_BLOCK_CAPTURE_AUTORELEASING = YES;
				CLANG_WARN_BOOL_CONVERSION = YES;
				CLANG_WARN_COMMA = YES;
				CLANG_WARN_CONSTANT_CONVERSION = YES;
				CLANG_WARN_DEPRECATED_OBJC_IMPLEMENTATIONS = YES;
				CLANG_WARN_DIRECT_OBJC_ISA_USAGE = YES_ERROR;
				CLANG_WARN_DOCUMENTATION_COMMENTS = YES;
				CLANG_WARN_EMPTY_BODY = YES;
				CLANG_WARN_ENUM_CONVERSION = YES;
				CLANG_WARN_INFINITE_RECURSION = YES;
				CLANG_WARN_INT_CONVERSION = YES;
				CLANG_WARN_NON_LITERAL_NULL_CONVERSION = YES;
				CLANG_WARN_OBJC_IMPLICIT_RETAIN_SELF = YES;
				CLANG_WARN_OBJC_LITERAL_CONVERSION = YES;
				CLANG_WARN_OBJC_ROOT_CLASS = YES_ERROR;
				CLANG_WARN_QUOTED_INCLUDE_IN_FRAMEWORK_HEADER = YES;
				CLANG_WARN_RANGE_LOOP_ANALYSIS = YES;
				CLANG_WARN_STRICT_PROTOTYPES = YES;
				CLANG_WARN_SUSPICIOUS_MOVE = YES;
				CLANG_WARN_UNGUARDED_AVAILABILITY = YES_AGGRESSIVE;
				CLANG_WARN_UNREACHABLE_CODE = YES;
				CLANG_WARN__DUPLICATE_METHOD_MATCH = YES;
				COPY_PHASE_STRIP = NO;
				DEBUG_INFORMATION_FORMAT = "dwarf-with-dsym";
				DEVELOPMENT_TEAM = JAA69CCMYZ;
				ENABLE_NS_ASSERTIONS = NO;
				ENABLE_STRICT_OBJC_MSGSEND = YES;
				ENABLE_USER_SCRIPT_SANDBOXING = YES;
				GCC_C_LANGUAGE_STANDARD = gnu11;
				GCC_NO_COMMON_BLOCKS = YES;
				GCC_WARN_64_TO_32_BIT_CONVERSION = YES;
				GCC_WARN_ABOUT_RETURN_TYPE = YES_ERROR;
				GCC_WARN_UNDECLARED_SELECTOR = YES;
				GCC_WARN_UNINITIALIZED_AUTOS = YES_AGGRESSIVE;
				GCC_WARN_UNUSED_FUNCTION = YES;
				GCC_WARN_UNUSED_VARIABLE = YES;
				IPHONEOS_DEPLOYMENT_TARGET = 16.4;
				MTL_ENABLE_DEBUG_INFO = NO;
				MTL_FAST_MATH = YES;
				SDKROOT = iphoneos;
				STRING_CATALOG_GENERATE_SYMBOLS = YES;
				SWIFT_COMPILATION_MODE = wholemodule;
				SWIFT_OPTIMIZATION_LEVEL = "-O";
				VALIDATE_PRODUCT = YES;
			};
			name = Release;
		};
		441D8ECB2AAB728F00F5FE53 /* Debug */ = {
			isa = XCBuildConfiguration;
			buildSettings = {
				ASSETCATALOG_COMPILER_APPICON_NAME = AppIcon;
				ASSETCATALOG_COMPILER_GLOBAL_ACCENT_COLOR_NAME = AccentColor;
				CODE_SIGN_STYLE = Automatic;
				CURRENT_PROJECT_VERSION = 1;
				ENABLE_PREVIEWS = YES;
				GENERATE_INFOPLIST_FILE = YES;
				INFOPLIST_KEY_CFBundleDisplayName = "Riichi Score";
				INFOPLIST_KEY_LSApplicationCategoryType = "public.app-category.utilities";
				INFOPLIST_KEY_UIApplicationSceneManifest_Generation = YES;
				INFOPLIST_KEY_UIApplicationSupportsIndirectInputEvents = YES;
				INFOPLIST_KEY_UILaunchScreen_Generation = YES;
				INFOPLIST_KEY_UISupportedInterfaceOrientations = UIInterfaceOrientationPortrait;
				INFOPLIST_KEY_UISupportedInterfaceOrientations_iPad = "UIInterfaceOrientationLandscapeLeft UIInterfaceOrientationLandscapeRight UIInterfaceOrientationPortrait UIInterfaceOrientationPortraitUpsideDown";
				INFOPLIST_KEY_UIUserInterfaceStyle = Light;
				IPHONEOS_DEPLOYMENT_TARGET = 26.0;
				LD_RUNPATH_SEARCH_PATHS = (
					"$(inherited)",
					"@executable_path/Frameworks",
				);
				MARKETING_VERSION = 1.1.1;
				PRODUCT_BUNDLE_IDENTIFIER = "com.NathanDavis.Mahjong-Scoreboard";
				PRODUCT_NAME = "$(TARGET_NAME)";
				SUPPORTED_PLATFORMS = "iphoneos iphonesimulator";
				SUPPORTS_MACCATALYST = NO;
				SUPPORTS_MAC_DESIGNED_FOR_IPHONE_IPAD = NO;
				SUPPORTS_XR_DESIGNED_FOR_IPHONE_IPAD = NO;
				SWIFT_EMIT_LOC_STRINGS = YES;
				SWIFT_VERSION = 5.0;
				TARGETED_DEVICE_FAMILY = 1;
			};
			name = Debug;
		};
		441D8ECC2AAB728F00F5FE53 /* Release */ = {
			isa = XCBuildConfiguration;
			buildSettings = {
				ASSETCATALOG_COMPILER_APPICON_NAME = AppIcon;
				ASSETCATALOG_COMPILER_GLOBAL_ACCENT_COLOR_NAME = AccentColor;
				CODE_SIGN_STYLE = Automatic;
				CURRENT_PROJECT_VERSION = 1;
				ENABLE_PREVIEWS = YES;
				GENERATE_INFOPLIST_FILE = YES;
				INFOPLIST_KEY_CFBundleDisplayName = "Riichi Score";
				INFOPLIST_KEY_LSApplicationCategoryType = "public.app-category.utilities";
				INFOPLIST_KEY_UIApplicationSceneManifest_Generation = YES;
				INFOPLIST_KEY_UIApplicationSupportsIndirectInputEvents = YES;
				INFOPLIST_KEY_UILaunchScreen_Generation = YES;
				INFOPLIST_KEY_UISupportedInterfaceOrientations = UIInterfaceOrientationPortrait;
				INFOPLIST_KEY_UISupportedInterfaceOrientations_iPad = "UIInterfaceOrientationLandscapeLeft UIInterfaceOrientationLandscapeRight UIInterfaceOrientationPortrait UIInterfaceOrientationPortraitUpsideDown";
				INFOPLIST_KEY_UIUserInterfaceStyle = Light;
				IPHONEOS_DEPLOYMENT_TARGET = 26.0;
				LD_RUNPATH_SEARCH_PATHS = (
					"$(inherited)",
					"@executable_path/Frameworks",
				);
				MARKETING_VERSION = 1.1.1;
				PRODUCT_BUNDLE_IDENTIFIER = "com.NathanDavis.Mahjong-Scoreboard";
				PRODUCT_NAME = "$(TARGET_NAME)";
				SUPPORTED_PLATFORMS = "iphoneos iphonesimulator";
				SUPPORTS_MACCATALYST = NO;
				SUPPORTS_MAC_DESIGNED_FOR_IPHONE_IPAD = NO;
				SUPPORTS_XR_DESIGNED_FOR_IPHONE_IPAD = NO;
				SWIFT_EMIT_LOC_STRINGS = YES;
				SWIFT_VERSION = 5.0;
				TARGETED_DEVICE_FAMILY = 1;
			};
			name = Release;
		};
/* End XCBuildConfiguration section */

/* Begin XCConfigurationList section */
		441D8EB72AAB728E00F5FE53 /* Build configuration list for PBXProject "Mahjong Scoreboard" */ = {
			isa = XCConfigurationList;
			buildConfigurations = (
				441D8EC82AAB728F00F5FE53 /* Debug */,
				441D8EC92AAB728F00F5FE53 /* Release */,
			);
			defaultConfigurationIsVisible = 0;
			defaultConfigurationName = Release;
		};
		441D8ECA2AAB728F00F5FE53 /* Build configuration list for PBXNativeTarget "Mahjong Scoreboard" */ = {
			isa = XCConfigurationList;
			buildConfigurations = (
				441D8ECB2AAB728F00F5FE53 /* Debug */,
				441D8ECC2AAB728F00F5FE53 /* Release */,
			);
			defaultConfigurationIsVisible = 0;
			defaultConfigurationName = Release;
		};
/* End XCConfigurationList section */
	};
	rootObject = 441D8EB42AAB728E00F5FE53 /* Project object */;
}
